schema: '2.0'
stages:
  train:
    cmd: python train.py
    deps:
    - path: train.py
      md5: c7369646eaf3604c3ed9546076b7b019
      size: 4656
    params:
      params.yaml:
        batch_size: 32
        learning_rate: 0.01
        num_epochs: 5
    outs:
    - path: dvclive
      md5: 123b3b4e89bfdbdccfb3fbc918cde4dd.dir
      size: 259
      nfiles: 4
    - path: plots
      md5: b8e829821901469dd8d6fbddb6fd256f.dir
      size: 78551
      nfiles: 4
